
Microsoft Visual Studio Solution File, Format Version 12.00
# Visual Studio Version 17
VisualStudioVersion = 17.3.32901.215
MinimumVisualStudioVersion = 10.0.40219.1
Project("{8BC9CEB8-8B4A-11D0-8D11-00A0C91BC942}") = "Contac_File", "Contac_File\Contac_File.vcxproj", "{3B68F5E0-0FE0-4D2D-999D-5C94116E01BC}"
EndProject
Global
	GlobalSection(SolutionConfigurationPlatforms) = preSolution
		Debug|x64 = Debug|x64
		Debug|x86 = Debug|x86
		Release|x64 = Release|x64
		Release|x86 = Release|x86
	EndGlobalSection
	GlobalSection(ProjectConfigurationPlatforms) = postSolution
		{3B68F5E0-0FE0-4D2D-999D-5C94116E01BC}.Debug|x64.ActiveCfg = Debug|x64
		{3B68F5E0-0FE0-4D2D-999D-5C94116E01BC}.Debug|x64.Build.0 = Debug|x64
		{3B68F5E0-0FE0-4D2D-999D-5C94116E01BC}.Debug|x86.ActiveCfg = Debug|Win32
		{3B68F5E0-0FE0-4D2D-999D-5C94116E01BC}.Debug|x86.Build.0 = Debug|Win32
		{3B68F5E0-0FE0-4D2D-999D-5C94116E01BC}.Release|x64.ActiveCfg = Release|x64
		{3B68F5E0-0FE0-4D2D-999D-5C94116E01BC}.Release|x64.Build.0 = Release|x64
		{3B68F5E0-0FE0-4D2D-999D-5C94116E01BC}.Release|x86.ActiveCfg = Release|Win32
		{3B68F5E0-0FE0-4D2D-999D-5C94116E01BC}.Release|x86.Build.0 = Release|Win32
	EndGlobalSection
	GlobalSection(SolutionProperties) = preSolution
		HideSolutionNode = FALSE
	EndGlobalSection
	GlobalSection(ExtensibilityGlobals) = postSolution
		SolutionGuid = {25F85F12-71CD-44F3-B1C2-4EEF638D7B26}
	EndGlobalSection
EndGlobal
