
Microsoft Visual Studio Solution File, Format Version 12.00
# Visual Studio Version 17
VisualStudioVersion = 17.3.32901.215
MinimumVisualStudioVersion = 10.0.40219.1
Project("{8BC9CEB8-8B4A-11D0-8D11-00A0C91BC942}") = "test_2023_3_24", "test_2023_3_24\test_2023_3_24.vcxproj", "{EA77256B-8005-4830-8121-4B3FDAC67AFE}"
EndProject
Global
	GlobalSection(SolutionConfigurationPlatforms) = preSolution
		Debug|x64 = Debug|x64
		Debug|x86 = Debug|x86
		Release|x64 = Release|x64
		Release|x86 = Release|x86
	EndGlobalSection
	GlobalSection(ProjectConfigurationPlatforms) = postSolution
		{EA77256B-8005-4830-8121-4B3FDAC67AFE}.Debug|x64.ActiveCfg = Debug|x64
		{EA77256B-8005-4830-8121-4B3FDAC67AFE}.Debug|x64.Build.0 = Debug|x64
		{EA77256B-8005-4830-8121-4B3FDAC67AFE}.Debug|x86.ActiveCfg = Debug|Win32
		{EA77256B-8005-4830-8121-4B3FDAC67AFE}.Debug|x86.Build.0 = Debug|Win32
		{EA77256B-8005-4830-8121-4B3FDAC67AFE}.Release|x64.ActiveCfg = Release|x64
		{EA77256B-8005-4830-8121-4B3FDAC67AFE}.Release|x64.Build.0 = Release|x64
		{EA77256B-8005-4830-8121-4B3FDAC67AFE}.Release|x86.ActiveCfg = Release|Win32
		{EA77256B-8005-4830-8121-4B3FDAC67AFE}.Release|x86.Build.0 = Release|Win32
	EndGlobalSection
	GlobalSection(SolutionProperties) = preSolution
		HideSolutionNode = FALSE
	EndGlobalSection
	GlobalSection(ExtensibilityGlobals) = postSolution
		SolutionGuid = {765BAB03-F55C-49FD-8214-6272377CB8A2}
	EndGlobalSection
EndGlobal
