
Microsoft Visual Studio Solution File, Format Version 12.00
# Visual Studio Version 17
VisualStudioVersion = 17.3.32901.215
MinimumVisualStudioVersion = 10.0.40219.1
Project("{8BC9CEB8-8B4A-11D0-8D11-00A0C91BC942}") = "Contact_Dynamic", "Contact_Dynamic\Contact_Dynamic.vcxproj", "{06AB5878-1514-487A-B12A-12ED066F4241}"
EndProject
Global
	GlobalSection(SolutionConfigurationPlatforms) = preSolution
		Debug|x64 = Debug|x64
		Debug|x86 = Debug|x86
		Release|x64 = Release|x64
		Release|x86 = Release|x86
	EndGlobalSection
	GlobalSection(ProjectConfigurationPlatforms) = postSolution
		{06AB5878-1514-487A-B12A-12ED066F4241}.Debug|x64.ActiveCfg = Debug|x64
		{06AB5878-1514-487A-B12A-12ED066F4241}.Debug|x64.Build.0 = Debug|x64
		{06AB5878-1514-487A-B12A-12ED066F4241}.Debug|x86.ActiveCfg = Debug|Win32
		{06AB5878-1514-487A-B12A-12ED066F4241}.Debug|x86.Build.0 = Debug|Win32
		{06AB5878-1514-487A-B12A-12ED066F4241}.Release|x64.ActiveCfg = Release|x64
		{06AB5878-1514-487A-B12A-12ED066F4241}.Release|x64.Build.0 = Release|x64
		{06AB5878-1514-487A-B12A-12ED066F4241}.Release|x86.ActiveCfg = Release|Win32
		{06AB5878-1514-487A-B12A-12ED066F4241}.Release|x86.Build.0 = Release|Win32
	EndGlobalSection
	GlobalSection(SolutionProperties) = preSolution
		HideSolutionNode = FALSE
	EndGlobalSection
	GlobalSection(ExtensibilityGlobals) = postSolution
		SolutionGuid = {7054874D-F647-4F38-9203-F244DB9CCB48}
	EndGlobalSection
EndGlobal
